// !$*UTF8*$!
{
	archiveVersion = 1;
	classes = {
	};
	objectVersion = 50;
	objects = {

/* Begin PBXBuildFile section */
		FA07E615247D3CD000752867 /* EDAController.swift in Sources */ = {isa = PBXBuildFile; fileRef = FA07E614247D3CD000752867 /* EDAController.swift */; };
		FA07E617247D555500752867 /* EDACell.swift in Sources */ = {isa = PBXBuildFile; fileRef = FA07E616247D555500752867 /* EDACell.swift */; };
		FA07E619247D818400752867 /* Header.swift in Sources */ = {isa = PBXBuildFile; fileRef = FA07E618247D818300752867 /* Header.swift */; };
		FA62D1DD24713AD600EE306C /* Schedule.swift in Sources */ = {isa = PBXBuildFile; fileRef = FA62D1DC24713AD600EE306C /* Schedule.swift */; };
		FAA59E32246F98EF000C27C3 /* SettingsLauncher.swift in Sources */ = {isa = PBXBuildFile; fileRef = FAA59E31246F98EF000C27C3 /* SettingsLauncher.swift */; };
		FAA59E34246F9D09000C27C3 /* DepartmentsCell.swift in Sources */ = {isa = PBXBuildFile; fileRef = FAA59E33246F9D09000C27C3 /* DepartmentsCell.swift */; };
		FAA59E5824707EFF000C27C3 /* Department.swift in Sources */ = {isa = PBXBuildFile; fileRef = FAA59E5724707EFF000C27C3 /* Department.swift */; };
		FAA59E5A2470D9B0000C27C3 /* Extensions.swift in Sources */ = {isa = PBXBuildFile; fileRef = FAA59E592470D9AF000C27C3 /* Extensions.swift */; };
		FAE929D12474BEB2003465DC /* ScheduleCell.swift in Sources */ = {isa = PBXBuildFile; fileRef = FAE929D02474BEB2003465DC /* ScheduleCell.swift */; };
		FAE929D52477D3C4003465DC /* MounthLauncher.swift in Sources */ = {isa = PBXBuildFile; fileRef = FAE929D42477D3C4003465DC /* MounthLauncher.swift */; };
		FAE929D72477DB48003465DC /* SettingCell.swift in Sources */ = {isa = PBXBuildFile; fileRef = FAE929D62477DB48003465DC /* SettingCell.swift */; };
		FAFE3EC2246F1FF300D5A526 /* AppDelegate.swift in Sources */ = {isa = PBXBuildFile; fileRef = FAFE3EC1246F1FF300D5A526 /* AppDelegate.swift */; };
		FAFE3EC4246F1FF300D5A526 /* SceneDelegate.swift in Sources */ = {isa = PBXBuildFile; fileRef = FAFE3EC3246F1FF300D5A526 /* SceneDelegate.swift */; };
		FAFE3EC6246F1FF300D5A526 /* ContentView.swift in Sources */ = {isa = PBXBuildFile; fileRef = FAFE3EC5246F1FF300D5A526 /* ContentView.swift */; };
		FAFE3EC8246F200900D5A526 /* Assets.xcassets in Resources */ = {isa = PBXBuildFile; fileRef = FAFE3EC7246F200900D5A526 /* Assets.xcassets */; };
		FAFE3ECB246F200900D5A526 /* Preview Assets.xcassets in Resources */ = {isa = PBXBuildFile; fileRef = FAFE3ECA246F200900D5A526 /* Preview Assets.xcassets */; };
		FAFE3ECE246F200900D5A526 /* LaunchScreen.storyboard in Resources */ = {isa = PBXBuildFile; fileRef = FAFE3ECC246F200900D5A526 /* LaunchScreen.storyboard */; };
		FAFE3ED6246F294800D5A526 /* MainController.swift in Sources */ = {isa = PBXBuildFile; fileRef = FAFE3ED5246F294800D5A526 /* MainController.swift */; };
/* End PBXBuildFile section */

/* Begin PBXFileReference section */
		FA07E614247D3CD000752867 /* EDAController.swift */ = {isa = PBXFileReference; lastKnownFileType = sourcecode.swift; path = EDAController.swift; sourceTree = "<group>"; };
		FA07E616247D555500752867 /* EDACell.swift */ = {isa = PBXFileReference; lastKnownFileType = sourcecode.swift; path = EDACell.swift; sourceTree = "<group>"; };
		FA07E618247D818300752867 /* Header.swift */ = {isa = PBXFileReference; fileEncoding = 4; lastKnownFileType = sourcecode.swift; path = Header.swift; sourceTree = "<group>"; };
		FA62D1DC24713AD600EE306C /* Schedule.swift */ = {isa = PBXFileReference; lastKnownFileType = sourcecode.swift; path = Schedule.swift; sourceTree = "<group>"; };
		FAA59E31246F98EF000C27C3 /* SettingsLauncher.swift */ = {isa = PBXFileReference; fileEncoding = 4; lastKnownFileType = sourcecode.swift; path = SettingsLauncher.swift; sourceTree = "<group>"; };
		FAA59E33246F9D09000C27C3 /* DepartmentsCell.swift */ = {isa = PBXFileReference; fileEncoding = 4; lastKnownFileType = sourcecode.swift; path = DepartmentsCell.swift; sourceTree = "<group>"; };
		FAA59E5724707EFF000C27C3 /* Department.swift */ = {isa = PBXFileReference; lastKnownFileType = sourcecode.swift; path = Department.swift; sourceTree = "<group>"; };
		FAA59E592470D9AF000C27C3 /* Extensions.swift */ = {isa = PBXFileReference; fileEncoding = 4; lastKnownFileType = sourcecode.swift; path = Extensions.swift; sourceTree = "<group>"; };
		FAE929D02474BEB2003465DC /* ScheduleCell.swift */ = {isa = PBXFileReference; lastKnownFileType = sourcecode.swift; path = ScheduleCell.swift; sourceTree = "<group>"; };
		FAE929D42477D3C4003465DC /* MounthLauncher.swift */ = {isa = PBXFileReference; lastKnownFileType = sourcecode.swift; path = MounthLauncher.swift; sourceTree = "<group>"; };
		FAE929D62477DB48003465DC /* SettingCell.swift */ = {isa = PBXFileReference; fileEncoding = 4; lastKnownFileType = sourcecode.swift; path = SettingCell.swift; sourceTree = "<group>"; };
		FAFE3EBE246F1FF200D5A526 /* RAPI.app */ = {isa = PBXFileReference; explicitFileType = wrapper.application; includeInIndex = 0; path = RAPI.app; sourceTree = BUILT_PRODUCTS_DIR; };
		FAFE3EC1246F1FF300D5A526 /* AppDelegate.swift */ = {isa = PBXFileReference; lastKnownFileType = sourcecode.swift; path = AppDelegate.swift; sourceTree = "<group>"; };
		FAFE3EC3246F1FF300D5A526 /* SceneDelegate.swift */ = {isa = PBXFileReference; lastKnownFileType = sourcecode.swift; path = SceneDelegate.swift; sourceTree = "<group>"; };
		FAFE3EC5246F1FF300D5A526 /* ContentView.swift */ = {isa = PBXFileReference; lastKnownFileType = sourcecode.swift; path = ContentView.swift; sourceTree = "<group>"; };
		FAFE3EC7246F200900D5A526 /* Assets.xcassets */ = {isa = PBXFileReference; lastKnownFileType = folder.assetcatalog; path = Assets.xcassets; sourceTree = "<group>"; };
		FAFE3ECA246F200900D5A526 /* Preview Assets.xcassets */ = {isa = PBXFileReference; lastKnownFileType = folder.assetcatalog; path = "Preview Assets.xcassets"; sourceTree = "<group>"; };
		FAFE3ECD246F200900D5A526 /* Base */ = {isa = PBXFileReference; lastKnownFileType = file.storyboard; name = Base; path = Base.lproj/LaunchScreen.storyboard; sourceTree = "<group>"; };
		FAFE3ECF246F200900D5A526 /* Info.plist */ = {isa = PBXFileReference; lastKnownFileType = text.plist.xml; path = Info.plist; sourceTree = "<group>"; };
		FAFE3ED5246F294800D5A526 /* MainController.swift */ = {isa = PBXFileReference; lastKnownFileType = sourcecode.swift; path = MainController.swift; sourceTree = "<group>"; };
/* End PBXFileReference section */

/* Begin PBXFrameworksBuildPhase section */
		FAFE3EBB246F1FF200D5A526 /* Frameworks */ = {
			isa = PBXFrameworksBuildPhase;
			buildActionMask = 2147483647;
			files = (
			);
			runOnlyForDeploymentPostprocessing = 0;
		};
/* End PBXFrameworksBuildPhase section */

/* Begin PBXGroup section */
		FAFE3EB5246F1FF200D5A526 = {
			isa = PBXGroup;
			children = (
				FAFE3EC0246F1FF200D5A526 /* RAPI */,
				FAFE3EBF246F1FF200D5A526 /* Products */,
			);
			sourceTree = "<group>";
		};
		FAFE3EBF246F1FF200D5A526 /* Products */ = {
			isa = PBXGroup;
			children = (
				FAFE3EBE246F1FF200D5A526 /* RAPI.app */,
			);
			name = Products;
			sourceTree = "<group>";
		};
		FAFE3EC0246F1FF200D5A526 /* RAPI */ = {
			isa = PBXGroup;
			children = (
				FAFE3EC1246F1FF300D5A526 /* AppDelegate.swift */,
				FAFE3EC3246F1FF300D5A526 /* SceneDelegate.swift */,
				FAFE3EC5246F1FF300D5A526 /* ContentView.swift */,
				FAFE3EC7246F200900D5A526 /* Assets.xcassets */,
				FAFE3ECC246F200900D5A526 /* LaunchScreen.storyboard */,
				FAFE3ECF246F200900D5A526 /* Info.plist */,
				FAFE3EC9246F200900D5A526 /* Preview Content */,
				FAFE3ED5246F294800D5A526 /* MainController.swift */,
				FAA59E33246F9D09000C27C3 /* DepartmentsCell.swift */,
				FA07E614247D3CD000752867 /* EDAController.swift */,
				FA07E616247D555500752867 /* EDACell.swift */,
				FA07E618247D818300752867 /* Header.swift */,
				FAA59E31246F98EF000C27C3 /* SettingsLauncher.swift */,
				FAE929D62477DB48003465DC /* SettingCell.swift */,
				FAE929D42477D3C4003465DC /* MounthLauncher.swift */,
				FAA59E5724707EFF000C27C3 /* Department.swift */,
				FAA59E592470D9AF000C27C3 /* Extensions.swift */,
				FA62D1DC24713AD600EE306C /* Schedule.swift */,
				FAE929D02474BEB2003465DC /* ScheduleCell.swift */,
			);
			path = RAPI;
			sourceTree = "<group>";
		};
		FAFE3EC9246F200900D5A526 /* Preview Content */ = {
			isa = PBXGroup;
			children = (
				FAFE3ECA246F200900D5A526 /* Preview Assets.xcassets */,
			);
			path = "Preview Content";
			sourceTree = "<group>";
		};
/* End PBXGroup section */

/* Begin PBXNativeTarget section */
		FAFE3EBD246F1FF200D5A526 /* RAPI */ = {
			isa = PBXNativeTarget;
			buildConfigurationList = FAFE3ED2246F200A00D5A526 /* Build configuration list for PBXNativeTarget "RAPI" */;
			buildPhases = (
				FAFE3EBA246F1FF200D5A526 /* Sources */,
				FAFE3EBB246F1FF200D5A526 /* Frameworks */,
				FAFE3EBC246F1FF200D5A526 /* Resources */,
			);
			buildRules = (
			);
			dependencies = (
			);
			name = RAPI;
			productName = RAPI;
			productReference = FAFE3EBE246F1FF200D5A526 /* RAPI.app */;
			productType = "com.apple.product-type.application";
		};
/* End PBXNativeTarget section */

/* Begin PBXProject section */
		FAFE3EB6246F1FF200D5A526 /* Project object */ = {
			isa = PBXProject;
			attributes = {
				LastSwiftUpdateCheck = 1130;
				LastUpgradeCheck = 1130;
				ORGANIZATIONNAME = Garonum;
				TargetAttributes = {
					FAFE3EBD246F1FF200D5A526 = {
						CreatedOnToolsVersion = 11.3.1;
					};
				};
			};
			buildConfigurationList = FAFE3EB9246F1FF200D5A526 /* Build configuration list for PBXProject "RAPI" */;
			compatibilityVersion = "Xcode 9.3";
			developmentRegion = en;
			hasScannedForEncodings = 0;
			knownRegions = (
				en,
				Base,
			);
			mainGroup = FAFE3EB5246F1FF200D5A526;
			productRefGroup = FAFE3EBF246F1FF200D5A526 /* Products */;
			projectDirPath = "";
			projectRoot = "";
			targets = (
				FAFE3EBD246F1FF200D5A526 /* RAPI */,
			);
		};
/* End PBXProject section */

/* Begin PBXResourcesBuildPhase section */
		FAFE3EBC246F1FF200D5A526 /* Resources */ = {
			isa = PBXResourcesBuildPhase;
			buildActionMask = 2147483647;
			files = (
				FAFE3ECE246F200900D5A526 /* LaunchScreen.storyboard in Resources */,
				FAFE3ECB246F200900D5A526 /* Preview Assets.xcassets in Resources */,
				FAFE3EC8246F200900D5A526 /* Assets.xcassets in Resources */,
			);
			runOnlyForDeploymentPostprocessing = 0;
		};
/* End PBXResourcesBuildPhase section */

/* Begin PBXSourcesBuildPhase section */
		FAFE3EBA246F1FF200D5A526 /* Sources */ = {
			isa = PBXSourcesBuildPhase;
			buildActionMask = 2147483647;
			files = (
				FAFE3ED6246F294800D5A526 /* MainController.swift in Sources */,
				FAA59E32246F98EF000C27C3 /* SettingsLauncher.swift in Sources */,
				FAE929D72477DB48003465DC /* SettingCell.swift in Sources */,
				FAFE3EC2246F1FF300D5A526 /* AppDelegate.swift in Sources */,
				FA62D1DD24713AD600EE306C /* Schedule.swift in Sources */,
				FAA59E5A2470D9B0000C27C3 /* Extensions.swift in Sources */,
				FAE929D52477D3C4003465DC /* MounthLauncher.swift in Sources */,
				FAE929D12474BEB2003465DC /* ScheduleCell.swift in Sources */,
				FAFE3EC4246F1FF300D5A526 /* SceneDelegate.swift in Sources */,
				FAFE3EC6246F1FF300D5A526 /* ContentView.swift in Sources */,
				FA07E619247D818400752867 /* Header.swift in Sources */,
				FAA59E5824707EFF000C27C3 /* Department.swift in Sources */,
				FAA59E34246F9D09000C27C3 /* DepartmentsCell.swift in Sources */,
				FA07E617247D555500752867 /* EDACell.swift in Sources */,
				FA07E615247D3CD000752867 /* EDAController.swift in Sources */,
			);
			runOnlyForDeploymentPostprocessing = 0;
		};
/* End PBXSourcesBuildPhase section */

/* Begin PBXVariantGroup section */
		FAFE3ECC246F200900D5A526 /* LaunchScreen.storyboard */ = {
			isa = PBXVariantGroup;
			children = (
				FAFE3ECD246F200900D5A526 /* Base */,
			);
			name = LaunchScreen.storyboard;
			sourceTree = "<group>";
		};
/* End PBXVariantGroup section */

/* Begin XCBuildConfiguration section */
		FAFE3ED0246F200900D5A526 /* Debug */ = {
			isa = XCBuildConfiguration;
			buildSettings = {
				ALWAYS_SEARCH_USER_PATHS = NO;
				CLANG_ANALYZER_NONNULL = YES;
				CLANG_ANALYZER_NUMBER_OBJECT_CONVERSION = YES_AGGRESSIVE;
				CLANG_CXX_LANGUAGE_STANDARD = "gnu++14";
				CLANG_CXX_LIBRARY = "libc++";
				CLANG_ENABLE_MODULES = YES;
				CLANG_ENABLE_OBJC_ARC = YES;
				CLANG_ENABLE_OBJC_WEAK = YES;
				CLANG_WARN_BLOCK_CAPTURE_AUTORELEASING = YES;
				CLANG_WARN_BOOL_CONVERSION = YES;
				CLANG_WARN_COMMA = YES;
				CLANG_WARN_CONSTANT_CONVERSION = YES;
				CLANG_WARN_DEPRECATED_OBJC_IMPLEMENTATIONS = YES;
				CLANG_WARN_DIRECT_OBJC_ISA_USAGE = YES_ERROR;
				CLANG_WARN_DOCUMENTATION_COMMENTS = YES;
				CLANG_WARN_EMPTY_BODY = YES;
				CLANG_WARN_ENUM_CONVERSION = YES;
				CLANG_WARN_INFINITE_RECURSION = YES;
				CLANG_WARN_INT_CONVERSION = YES;
				CLANG_WARN_NON_LITERAL_NULL_CONVERSION = YES;
				CLANG_WARN_OBJC_IMPLICIT_RETAIN_SELF = YES;
				CLANG_WARN_OBJC_LITERAL_CONVERSION = YES;
				CLANG_WARN_OBJC_ROOT_CLASS = YES_ERROR;
				CLANG_WARN_RANGE_LOOP_ANALYSIS = YES;
				CLANG_WARN_STRICT_PROTOTYPES = YES;
				CLANG_WARN_SUSPICIOUS_MOVE = YES;
				CLANG_WARN_UNGUARDED_AVAILABILITY = YES_AGGRESSIVE;
				CLANG_WARN_UNREACHABLE_CODE = YES;
				CLANG_WARN__DUPLICATE_METHOD_MATCH = YES;
				COPY_PHASE_STRIP = NO;
				DEBUG_INFORMATION_FORMAT = dwarf;
				ENABLE_STRICT_OBJC_MSGSEND = YES;
				ENABLE_TESTABILITY = YES;
				GCC_C_LANGUAGE_STANDARD = gnu11;
				GCC_DYNAMIC_NO_PIC = NO;
				GCC_NO_COMMON_BLOCKS = YES;
				GCC_OPTIMIZATION_LEVEL = 0;
				GCC_PREPROCESSOR_DEFINITIONS = (
					"DEBUG=1",
					"$(inherited)",
				);
				GCC_WARN_64_TO_32_BIT_CONVERSION = YES;
				GCC_WARN_ABOUT_RETURN_TYPE = YES_ERROR;
				GCC_WARN_UNDECLARED_SELECTOR = YES;
				GCC_WARN_UNINITIALIZED_AUTOS = YES_AGGRESSIVE;
				GCC_WARN_UNUSED_FUNCTION = YES;
				GCC_WARN_UNUSED_VARIABLE = YES;
				IPHONEOS_DEPLOYMENT_TARGET = 13.2;
				MTL_ENABLE_DEBUG_INFO = INCLUDE_SOURCE;
				MTL_FAST_MATH = YES;
				ONLY_ACTIVE_ARCH = YES;
				SDKROOT = iphoneos;
				SWIFT_ACTIVE_COMPILATION_CONDITIONS = DEBUG;
				SWIFT_OPTIMIZATION_LEVEL = "-Onone";
			};
			name = Debug;
		};
		FAFE3ED1246F200900D5A526 /* Release */ = {
			isa = XCBuildConfiguration;
			buildSettings = {
				ALWAYS_SEARCH_USER_PATHS = NO;
				CLANG_ANALYZER_NONNULL = YES;
				CLANG_ANALYZER_NUMBER_OBJECT_CONVERSION = YES_AGGRESSIVE;
				CLANG_CXX_LANGUAGE_STANDARD = "gnu++14";
				CLANG_CXX_LIBRARY = "libc++";
				CLANG_ENABLE_MODULES = YES;
				CLANG_ENABLE_OBJC_ARC = YES;
				CLANG_ENABLE_OBJC_WEAK = YES;
				CLANG_WARN_BLOCK_CAPTURE_AUTORELEASING = YES;
				CLANG_WARN_BOOL_CONVERSION = YES;
				CLANG_WARN_COMMA = YES;
				CLANG_WARN_CONSTANT_CONVERSION = YES;
				CLANG_WARN_DEPRECATED_OBJC_IMPLEMENTATIONS = YES;
				CLANG_WARN_DIRECT_OBJC_ISA_USAGE = YES_ERROR;
				CLANG_WARN_DOCUMENTATION_COMMENTS = YES;
				CLANG_WARN_EMPTY_BODY = YES;
				CLANG_WARN_ENUM_CONVERSION = YES;
				CLANG_WARN_INFINITE_RECURSION = YES;
				CLANG_WARN_INT_CONVERSION = YES;
				CLANG_WARN_NON_LITERAL_NULL_CONVERSION = YES;
				CLANG_WARN_OBJC_IMPLICIT_RETAIN_SELF = YES;
				CLANG_WARN_OBJC_LITERAL_CONVERSION = YES;
				CLANG_WARN_OBJC_ROOT_CLASS = YES_ERROR;
				CLANG_WARN_RANGE_LOOP_ANALYSIS = YES;
				CLANG_WARN_STRICT_PROTOTYPES = YES;
				CLANG_WARN_SUSPICIOUS_MOVE = YES;
				CLANG_WARN_UNGUARDED_AVAILABILITY = YES_AGGRESSIVE;
				CLANG_WARN_UNREACHABLE_CODE = YES;
				CLANG_WARN__DUPLICATE_METHOD_MATCH = YES;
				COPY_PHASE_STRIP = NO;
				DEBUG_INFORMATION_FORMAT = "dwarf-with-dsym";
				ENABLE_NS_ASSERTIONS = NO;
				ENABLE_STRICT_OBJC_MSGSEND = YES;
				GCC_C_LANGUAGE_STANDARD = gnu11;
				GCC_NO_COMMON_BLOCKS = YES;
				GCC_WARN_64_TO_32_BIT_CONVERSION = YES;
				GCC_WARN_ABOUT_RETURN_TYPE = YES_ERROR;
				GCC_WARN_UNDECLARED_SELECTOR = YES;
				GCC_WARN_UNINITIALIZED_AUTOS = YES_AGGRESSIVE;
				GCC_WARN_UNUSED_FUNCTION = YES;
				GCC_WARN_UNUSED_VARIABLE = YES;
				IPHONEOS_DEPLOYMENT_TARGET = 13.2;
				MTL_ENABLE_DEBUG_INFO = NO;
				MTL_FAST_MATH = YES;
				SDKROOT = iphoneos;
				SWIFT_COMPILATION_MODE = wholemodule;
				SWIFT_OPTIMIZATION_LEVEL = "-O";
				VALIDATE_PRODUCT = YES;
			};
			name = Release;
		};
		FAFE3ED3246F200A00D5A526 /* Debug */ = {
			isa = XCBuildConfiguration;
			buildSettings = {
				ASSETCATALOG_COMPILER_APPICON_NAME = AppIcon;
				CODE_SIGN_STYLE = Automatic;
				DEVELOPMENT_ASSET_PATHS = "\"RAPI/Preview Content\"";
				DEVELOPMENT_TEAM = 3V47U7LZ7D;
				ENABLE_PREVIEWS = YES;
				INFOPLIST_FILE = RAPI/Info.plist;
				LD_RUNPATH_SEARCH_PATHS = (
					"$(inherited)",
					"@executable_path/Frameworks",
				);
				PRODUCT_BUNDLE_IDENTIFIER = home.garonum.RAPI;
				PRODUCT_NAME = "$(TARGET_NAME)";
				SWIFT_VERSION = 5.0;
				TARGETED_DEVICE_FAMILY = "1,2";
			};
			name = Debug;
		};
		FAFE3ED4246F200A00D5A526 /* Release */ = {
			isa = XCBuildConfiguration;
			buildSettings = {
				ASSETCATALOG_COMPILER_APPICON_NAME = AppIcon;
				CODE_SIGN_STYLE = Automatic;
				DEVELOPMENT_ASSET_PATHS = "\"RAPI/Preview Content\"";
				DEVELOPMENT_TEAM = 3V47U7LZ7D;
				ENABLE_PREVIEWS = YES;
				INFOPLIST_FILE = RAPI/Info.plist;
				LD_RUNPATH_SEARCH_PATHS = (
					"$(inherited)",
					"@executable_path/Frameworks",
				);
				PRODUCT_BUNDLE_IDENTIFIER = home.garonum.RAPI;
				PRODUCT_NAME = "$(TARGET_NAME)";
				SWIFT_VERSION = 5.0;
				TARGETED_DEVICE_FAMILY = "1,2";
			};
			name = Release;
		};
/* End XCBuildConfiguration section */

/* Begin XCConfigurationList section */
		FAFE3EB9246F1FF200D5A526 /* Build configuration list for PBXProject "RAPI" */ = {
			isa = XCConfigurationList;
			buildConfigurations = (
				FAFE3ED0246F200900D5A526 /* Debug */,
				FAFE3ED1246F200900D5A526 /* Release */,
			);
			defaultConfigurationIsVisible = 0;
			defaultConfigurationName = Release;
		};
		FAFE3ED2246F200A00D5A526 /* Build configuration list for PBXNativeTarget "RAPI" */ = {
			isa = XCConfigurationList;
			buildConfigurations = (
				FAFE3ED3246F200A00D5A526 /* Debug */,
				FAFE3ED4246F200A00D5A526 /* Release */,
			);
			defaultConfigurationIsVisible = 0;
			defaultConfigurationName = Release;
		};
/* End XCConfigurationList section */
	};
	rootObject = FAFE3EB6246F1FF200D5A526 /* Project object */;
}
